// !$*UTF8*$!
{
	archiveVersion = 1;
	classes = {
	};
	objectVersion = 50;
	objects = {

/* Begin PBXBuildFile section */
		010627AF25CFAA3A00B8CF81 /* StorePage.swift in Sources */ = {isa = PBXBuildFile; fileRef = 010627AE25CFAA3A00B8CF81 /* StorePage.swift */; };
		010627B425CFACEB00B8CF81 /* MenuItem.swift in Sources */ = {isa = PBXBuildFile; fileRef = 010627B325CFACEB00B8CF81 /* MenuItem.swift */; };
		010627B925CFB5AF00B8CF81 /* ShoppingCart.swift in Sources */ = {isa = PBXBuildFile; fileRef = 010627B825CFB5AF00B8CF81 /* ShoppingCart.swift */; };
		01330DA225CF75C000E913F4 /* ChopChopApp.swift in Sources */ = {isa = PBXBuildFile; fileRef = 01330DA125CF75C000E913F4 /* ChopChopApp.swift */; };
		01330DA425CF75C000E913F4 /* ContentView.swift in Sources */ = {isa = PBXBuildFile; fileRef = 01330DA325CF75C000E913F4 /* ContentView.swift */; };
		01330DA625CF75C100E913F4 /* Assets.xcassets in Resources */ = {isa = PBXBuildFile; fileRef = 01330DA525CF75C100E913F4 /* Assets.xcassets */; };
		01330DA925CF75C100E913F4 /* Preview Assets.xcassets in Resources */ = {isa = PBXBuildFile; fileRef = 01330DA825CF75C100E913F4 /* Preview Assets.xcassets */; };
		01330DB425CF75C200E913F4 /* ChopChopTests.swift in Sources */ = {isa = PBXBuildFile; fileRef = 01330DB325CF75C200E913F4 /* ChopChopTests.swift */; };
		01330DBF25CF75C200E913F4 /* ChopChopUITests.swift in Sources */ = {isa = PBXBuildFile; fileRef = 01330DBE25CF75C200E913F4 /* ChopChopUITests.swift */; };
		01CA962A25CFC60900F3BF56 /* CartView.swift in Sources */ = {isa = PBXBuildFile; fileRef = 01CA962925CFC60900F3BF56 /* CartView.swift */; };
		01CA962F25CFD3E300F3BF56 /* DominosPage.swift in Sources */ = {isa = PBXBuildFile; fileRef = 01CA962E25CFD3E300F3BF56 /* DominosPage.swift */; };
		01CA963425CFD5C100F3BF56 /* WIP.swift in Sources */ = {isa = PBXBuildFile; fileRef = 01CA963325CFD5C100F3BF56 /* WIP.swift */; };
		01CA963925CFE5C600F3BF56 /* Confirmation.swift in Sources */ = {isa = PBXBuildFile; fileRef = 01CA963825CFE5C600F3BF56 /* Confirmation.swift */; };
		01DDA64425CF8410006E7934 /* StoreView.swift in Sources */ = {isa = PBXBuildFile; fileRef = 01DDA64325CF8410006E7934 /* StoreView.swift */; };
		01DDA64925CF934F006E7934 /* CardView.swift in Sources */ = {isa = PBXBuildFile; fileRef = 01DDA64825CF934F006E7934 /* CardView.swift */; };
/* End PBXBuildFile section */

/* Begin PBXContainerItemProxy section */
		01330DB025CF75C200E913F4 /* PBXContainerItemProxy */ = {
			isa = PBXContainerItemProxy;
			containerPortal = 01330D9625CF75BF00E913F4 /* Project object */;
			proxyType = 1;
			remoteGlobalIDString = 01330D9D25CF75C000E913F4;
			remoteInfo = ChopChop;
		};
		01330DBB25CF75C200E913F4 /* PBXContainerItemProxy */ = {
			isa = PBXContainerItemProxy;
			containerPortal = 01330D9625CF75BF00E913F4 /* Project object */;
			proxyType = 1;
			remoteGlobalIDString = 01330D9D25CF75C000E913F4;
			remoteInfo = ChopChop;
		};
/* End PBXContainerItemProxy section */

/* Begin PBXFileReference section */
		010627AE25CFAA3A00B8CF81 /* StorePage.swift */ = {isa = PBXFileReference; lastKnownFileType = sourcecode.swift; path = StorePage.swift; sourceTree = "<group>"; };
		010627B325CFACEB00B8CF81 /* MenuItem.swift */ = {isa = PBXFileReference; lastKnownFileType = sourcecode.swift; path = MenuItem.swift; sourceTree = "<group>"; };
		010627B825CFB5AF00B8CF81 /* ShoppingCart.swift */ = {isa = PBXFileReference; lastKnownFileType = sourcecode.swift; path = ShoppingCart.swift; sourceTree = "<group>"; };
		01330D9E25CF75C000E913F4 /* ChopChop.app */ = {isa = PBXFileReference; explicitFileType = wrapper.application; includeInIndex = 0; path = ChopChop.app; sourceTree = BUILT_PRODUCTS_DIR; };
		01330DA125CF75C000E913F4 /* ChopChopApp.swift */ = {isa = PBXFileReference; lastKnownFileType = sourcecode.swift; path = ChopChopApp.swift; sourceTree = "<group>"; };
		01330DA325CF75C000E913F4 /* ContentView.swift */ = {isa = PBXFileReference; lastKnownFileType = sourcecode.swift; path = ContentView.swift; sourceTree = "<group>"; };
		01330DA525CF75C100E913F4 /* Assets.xcassets */ = {isa = PBXFileReference; lastKnownFileType = folder.assetcatalog; path = Assets.xcassets; sourceTree = "<group>"; };
		01330DA825CF75C100E913F4 /* Preview Assets.xcassets */ = {isa = PBXFileReference; lastKnownFileType = folder.assetcatalog; path = "Preview Assets.xcassets"; sourceTree = "<group>"; };
		01330DAA25CF75C100E913F4 /* Info.plist */ = {isa = PBXFileReference; lastKnownFileType = text.plist.xml; path = Info.plist; sourceTree = "<group>"; };
		01330DAF25CF75C200E913F4 /* ChopChopTests.xctest */ = {isa = PBXFileReference; explicitFileType = wrapper.cfbundle; includeInIndex = 0; path = ChopChopTests.xctest; sourceTree = BUILT_PRODUCTS_DIR; };
		01330DB325CF75C200E913F4 /* ChopChopTests.swift */ = {isa = PBXFileReference; lastKnownFileType = sourcecode.swift; path = ChopChopTests.swift; sourceTree = "<group>"; };
		01330DB525CF75C200E913F4 /* Info.plist */ = {isa = PBXFileReference; lastKnownFileType = text.plist.xml; path = Info.plist; sourceTree = "<group>"; };
		01330DBA25CF75C200E913F4 /* ChopChopUITests.xctest */ = {isa = PBXFileReference; explicitFileType = wrapper.cfbundle; includeInIndex = 0; path = ChopChopUITests.xctest; sourceTree = BUILT_PRODUCTS_DIR; };
		01330DBE25CF75C200E913F4 /* ChopChopUITests.swift */ = {isa = PBXFileReference; lastKnownFileType = sourcecode.swift; path = ChopChopUITests.swift; sourceTree = "<group>"; };
		01330DC025CF75C200E913F4 /* Info.plist */ = {isa = PBXFileReference; lastKnownFileType = text.plist.xml; path = Info.plist; sourceTree = "<group>"; };
		01CA962925CFC60900F3BF56 /* CartView.swift */ = {isa = PBXFileReference; lastKnownFileType = sourcecode.swift; path = CartView.swift; sourceTree = "<group>"; };
		01CA962E25CFD3E300F3BF56 /* DominosPage.swift */ = {isa = PBXFileReference; lastKnownFileType = sourcecode.swift; path = DominosPage.swift; sourceTree = "<group>"; };
		01CA963325CFD5C100F3BF56 /* WIP.swift */ = {isa = PBXFileReference; lastKnownFileType = sourcecode.swift; path = WIP.swift; sourceTree = "<group>"; };
		01CA963825CFE5C600F3BF56 /* Confirmation.swift */ = {isa = PBXFileReference; lastKnownFileType = sourcecode.swift; path = Confirmation.swift; sourceTree = "<group>"; };
		01DDA64325CF8410006E7934 /* StoreView.swift */ = {isa = PBXFileReference; lastKnownFileType = sourcecode.swift; path = StoreView.swift; sourceTree = "<group>"; };
		01DDA64825CF934F006E7934 /* CardView.swift */ = {isa = PBXFileReference; lastKnownFileType = sourcecode.swift; path = CardView.swift; sourceTree = "<group>"; };
/* End PBXFileReference section */

/* Begin PBXFrameworksBuildPhase section */
		01330D9B25CF75C000E913F4 /* Frameworks */ = {
			isa = PBXFrameworksBuildPhase;
			buildActionMask = 2147483647;
			files = (
			);
			runOnlyForDeploymentPostprocessing = 0;
		};
		01330DAC25CF75C200E913F4 /* Frameworks */ = {
			isa = PBXFrameworksBuildPhase;
			buildActionMask = 2147483647;
			files = (
			);
			runOnlyForDeploymentPostprocessing = 0;
		};
		01330DB725CF75C200E913F4 /* Frameworks */ = {
			isa = PBXFrameworksBuildPhase;
			buildActionMask = 2147483647;
			files = (
			);
			runOnlyForDeploymentPostprocessing = 0;
		};
/* End PBXFrameworksBuildPhase section */

/* Begin PBXGroup section */
		01330D9525CF75BF00E913F4 = {
			isa = PBXGroup;
			children = (
				01330DA025CF75C000E913F4 /* ChopChop */,
				01330DB225CF75C200E913F4 /* ChopChopTests */,
				01330DBD25CF75C200E913F4 /* ChopChopUITests */,
				01330D9F25CF75C000E913F4 /* Products */,
			);
			sourceTree = "<group>";
		};
		01330D9F25CF75C000E913F4 /* Products */ = {
			isa = PBXGroup;
			children = (
				01330D9E25CF75C000E913F4 /* ChopChop.app */,
				01330DAF25CF75C200E913F4 /* ChopChopTests.xctest */,
				01330DBA25CF75C200E913F4 /* ChopChopUITests.xctest */,
			);
			name = Products;
			sourceTree = "<group>";
		};
		01330DA025CF75C000E913F4 /* ChopChop */ = {
			isa = PBXGroup;
			children = (
				01330DA125CF75C000E913F4 /* ChopChopApp.swift */,
				01330DA325CF75C000E913F4 /* ContentView.swift */,
				01330DA525CF75C100E913F4 /* Assets.xcassets */,
				01DDA64325CF8410006E7934 /* StoreView.swift */,
				01330DAA25CF75C100E913F4 /* Info.plist */,
				01DDA64825CF934F006E7934 /* CardView.swift */,
				010627B325CFACEB00B8CF81 /* MenuItem.swift */,
				01CA963825CFE5C600F3BF56 /* Confirmation.swift */,
				01CA963325CFD5C100F3BF56 /* WIP.swift */,
				010627B825CFB5AF00B8CF81 /* ShoppingCart.swift */,
				01CA962925CFC60900F3BF56 /* CartView.swift */,
				01CA962E25CFD3E300F3BF56 /* DominosPage.swift */,
				010627AE25CFAA3A00B8CF81 /* StorePage.swift */,
				01330DA725CF75C100E913F4 /* Preview Content */,
			);
			path = ChopChop;
			sourceTree = "<group>";
		};
		01330DA725CF75C100E913F4 /* Preview Content */ = {
			isa = PBXGroup;
			children = (
				01330DA825CF75C100E913F4 /* Preview Assets.xcassets */,
			);
			path = "Preview Content";
			sourceTree = "<group>";
		};
		01330DB225CF75C200E913F4 /* ChopChopTests */ = {
			isa = PBXGroup;
			children = (
				01330DB325CF75C200E913F4 /* ChopChopTests.swift */,
				01330DB525CF75C200E913F4 /* Info.plist */,
			);
			path = ChopChopTests;
			sourceTree = "<group>";
		};
		01330DBD25CF75C200E913F4 /* ChopChopUITests */ = {
			isa = PBXGroup;
			children = (
				01330DBE25CF75C200E913F4 /* ChopChopUITests.swift */,
				01330DC025CF75C200E913F4 /* Info.plist */,
			);
			path = ChopChopUITests;
			sourceTree = "<group>";
		};
/* End PBXGroup section */

/* Begin PBXNativeTarget section */
		01330D9D25CF75C000E913F4 /* ChopChop */ = {
			isa = PBXNativeTarget;
			buildConfigurationList = 01330DC325CF75C200E913F4 /* Build configuration list for PBXNativeTarget "ChopChop" */;
			buildPhases = (
				01330D9A25CF75C000E913F4 /* Sources */,
				01330D9B25CF75C000E913F4 /* Frameworks */,
				01330D9C25CF75C000E913F4 /* Resources */,
			);
			buildRules = (
			);
			dependencies = (
			);
			name = ChopChop;
			productName = ChopChop;
			productReference = 01330D9E25CF75C000E913F4 /* ChopChop.app */;
			productType = "com.apple.product-type.application";
		};
		01330DAE25CF75C200E913F4 /* ChopChopTests */ = {
			isa = PBXNativeTarget;
			buildConfigurationList = 01330DC625CF75C200E913F4 /* Build configuration list for PBXNativeTarget "ChopChopTests" */;
			buildPhases = (
				01330DAB25CF75C200E913F4 /* Sources */,
				01330DAC25CF75C200E913F4 /* Frameworks */,
				01330DAD25CF75C200E913F4 /* Resources */,
			);
			buildRules = (
			);
			dependencies = (
				01330DB125CF75C200E913F4 /* PBXTargetDependency */,
			);
			name = ChopChopTests;
			productName = ChopChopTests;
			productReference = 01330DAF25CF75C200E913F4 /* ChopChopTests.xctest */;
			productType = "com.apple.product-type.bundle.unit-test";
		};
		01330DB925CF75C200E913F4 /* ChopChopUITests */ = {
			isa = PBXNativeTarget;
			buildConfigurationList = 01330DC925CF75C200E913F4 /* Build configuration list for PBXNativeTarget "ChopChopUITests" */;
			buildPhases = (
				01330DB625CF75C200E913F4 /* Sources */,
				01330DB725CF75C200E913F4 /* Frameworks */,
				01330DB825CF75C200E913F4 /* Resources */,
			);
			buildRules = (
			);
			dependencies = (
				01330DBC25CF75C200E913F4 /* PBXTargetDependency */,
			);
			name = ChopChopUITests;
			productName = ChopChopUITests;
			productReference = 01330DBA25CF75C200E913F4 /* ChopChopUITests.xctest */;
			productType = "com.apple.product-type.bundle.ui-testing";
		};
/* End PBXNativeTarget section */

/* Begin PBXProject section */
		01330D9625CF75BF00E913F4 /* Project object */ = {
			isa = PBXProject;
			attributes = {
				LastSwiftUpdateCheck = 1240;
				LastUpgradeCheck = 1240;
				TargetAttributes = {
					01330D9D25CF75C000E913F4 = {
						CreatedOnToolsVersion = 12.4;
					};
					01330DAE25CF75C200E913F4 = {
						CreatedOnToolsVersion = 12.4;
						TestTargetID = 01330D9D25CF75C000E913F4;
					};
					01330DB925CF75C200E913F4 = {
						CreatedOnToolsVersion = 12.4;
						TestTargetID = 01330D9D25CF75C000E913F4;
					};
				};
			};
			buildConfigurationList = 01330D9925CF75BF00E913F4 /* Build configuration list for PBXProject "ChopChop" */;
			compatibilityVersion = "Xcode 9.3";
			developmentRegion = en;
			hasScannedForEncodings = 0;
			knownRegions = (
				en,
				Base,
			);
			mainGroup = 01330D9525CF75BF00E913F4;
			productRefGroup = 01330D9F25CF75C000E913F4 /* Products */;
			projectDirPath = "";
			projectRoot = "";
			targets = (
				01330D9D25CF75C000E913F4 /* ChopChop */,
				01330DAE25CF75C200E913F4 /* ChopChopTests */,
				01330DB925CF75C200E913F4 /* ChopChopUITests */,
			);
		};
/* End PBXProject section */

/* Begin PBXResourcesBuildPhase section */
		01330D9C25CF75C000E913F4 /* Resources */ = {
			isa = PBXResourcesBuildPhase;
			buildActionMask = 2147483647;
			files = (
				01330DA925CF75C100E913F4 /* Preview Assets.xcassets in Resources */,
				01330DA625CF75C100E913F4 /* Assets.xcassets in Resources */,
			);
			runOnlyForDeploymentPostprocessing = 0;
		};
		01330DAD25CF75C200E913F4 /* Resources */ = {
			isa = PBXResourcesBuildPhase;
			buildActionMask = 2147483647;
			files = (
			);
			runOnlyForDeploymentPostprocessing = 0;
		};
		01330DB825CF75C200E913F4 /* Resources */ = {
			isa = PBXResourcesBuildPhase;
			buildActionMask = 2147483647;
			files = (
			);
			runOnlyForDeploymentPostprocessing = 0;
		};
/* End PBXResourcesBuildPhase section */

/* Begin PBXSourcesBuildPhase section */
		01330D9A25CF75C000E913F4 /* Sources */ = {
			isa = PBXSourcesBuildPhase;
			buildActionMask = 2147483647;
			files = (
				01330DA425CF75C000E913F4 /* ContentView.swift in Sources */,
				01DDA64425CF8410006E7934 /* StoreView.swift in Sources */,
				01DDA64925CF934F006E7934 /* CardView.swift in Sources */,
				010627B425CFACEB00B8CF81 /* MenuItem.swift in Sources */,
				01CA963925CFE5C600F3BF56 /* Confirmation.swift in Sources */,
				01CA963425CFD5C100F3BF56 /* WIP.swift in Sources */,
				010627AF25CFAA3A00B8CF81 /* StorePage.swift in Sources */,
				01CA962F25CFD3E300F3BF56 /* DominosPage.swift in Sources */,
				01330DA225CF75C000E913F4 /* ChopChopApp.swift in Sources */,
				01CA962A25CFC60900F3BF56 /* CartView.swift in Sources */,
				010627B925CFB5AF00B8CF81 /* ShoppingCart.swift in Sources */,
			);
			runOnlyForDeploymentPostprocessing = 0;
		};
		01330DAB25CF75C200E913F4 /* Sources */ = {
			isa = PBXSourcesBuildPhase;
			buildActionMask = 2147483647;
			files = (
				01330DB425CF75C200E913F4 /* ChopChopTests.swift in Sources */,
			);
			runOnlyForDeploymentPostprocessing = 0;
		};
		01330DB625CF75C200E913F4 /* Sources */ = {
			isa = PBXSourcesBuildPhase;
			buildActionMask = 2147483647;
			files = (
				01330DBF25CF75C200E913F4 /* ChopChopUITests.swift in Sources */,
			);
			runOnlyForDeploymentPostprocessing = 0;
		};
/* End PBXSourcesBuildPhase section */

/* Begin PBXTargetDependency section */
		01330DB125CF75C200E913F4 /* PBXTargetDependency */ = {
			isa = PBXTargetDependency;
			target = 01330D9D25CF75C000E913F4 /* ChopChop */;
			targetProxy = 01330DB025CF75C200E913F4 /* PBXContainerItemProxy */;
		};
		01330DBC25CF75C200E913F4 /* PBXTargetDependency */ = {
			isa = PBXTargetDependency;
			target = 01330D9D25CF75C000E913F4 /* ChopChop */;
			targetProxy = 01330DBB25CF75C200E913F4 /* PBXContainerItemProxy */;
		};
/* End PBXTargetDependency section */

/* Begin XCBuildConfiguration section */
		01330DC125CF75C200E913F4 /* Debug */ = {
			isa = XCBuildConfiguration;
			buildSettings = {
				ALWAYS_SEARCH_USER_PATHS = NO;
				CLANG_ANALYZER_NONNULL = YES;
				CLANG_ANALYZER_NUMBER_OBJECT_CONVERSION = YES_AGGRESSIVE;
				CLANG_CXX_LANGUAGE_STANDARD = "gnu++14";
				CLANG_CXX_LIBRARY = "libc++";
				CLANG_ENABLE_MODULES = YES;
				CLANG_ENABLE_OBJC_ARC = YES;
				CLANG_ENABLE_OBJC_WEAK = YES;
				CLANG_WARN_BLOCK_CAPTURE_AUTORELEASING = YES;
				CLANG_WARN_BOOL_CONVERSION = YES;
				CLANG_WARN_COMMA = YES;
				CLANG_WARN_CONSTANT_CONVERSION = YES;
				CLANG_WARN_DEPRECATED_OBJC_IMPLEMENTATIONS = YES;
				CLANG_WARN_DIRECT_OBJC_ISA_USAGE = YES_ERROR;
				CLANG_WARN_DOCUMENTATION_COMMENTS = YES;
				CLANG_WARN_EMPTY_BODY = YES;
				CLANG_WARN_ENUM_CONVERSION = YES;
				CLANG_WARN_INFINITE_RECURSION = YES;
				CLANG_WARN_INT_CONVERSION = YES;
				CLANG_WARN_NON_LITERAL_NULL_CONVERSION = YES;
				CLANG_WARN_OBJC_IMPLICIT_RETAIN_SELF = YES;
				CLANG_WARN_OBJC_LITERAL_CONVERSION = YES;
				CLANG_WARN_OBJC_ROOT_CLASS = YES_ERROR;
				CLANG_WARN_QUOTED_INCLUDE_IN_FRAMEWORK_HEADER = YES;
				CLANG_WARN_RANGE_LOOP_ANALYSIS = YES;
				CLANG_WARN_STRICT_PROTOTYPES = YES;
				CLANG_WARN_SUSPICIOUS_MOVE = YES;
				CLANG_WARN_UNGUARDED_AVAILABILITY = YES_AGGRESSIVE;
				CLANG_WARN_UNREACHABLE_CODE = YES;
				CLANG_WARN__DUPLICATE_METHOD_MATCH = YES;
				COPY_PHASE_STRIP = NO;
				DEBUG_INFORMATION_FORMAT = dwarf;
				ENABLE_STRICT_OBJC_MSGSEND = YES;
				ENABLE_TESTABILITY = YES;
				GCC_C_LANGUAGE_STANDARD = gnu11;
				GCC_DYNAMIC_NO_PIC = NO;
				GCC_NO_COMMON_BLOCKS = YES;
				GCC_OPTIMIZATION_LEVEL = 0;
				GCC_PREPROCESSOR_DEFINITIONS = (
					"DEBUG=1",
					"$(inherited)",
				);
				GCC_WARN_64_TO_32_BIT_CONVERSION = YES;
				GCC_WARN_ABOUT_RETURN_TYPE = YES_ERROR;
				GCC_WARN_UNDECLARED_SELECTOR = YES;
				GCC_WARN_UNINITIALIZED_AUTOS = YES_AGGRESSIVE;
				GCC_WARN_UNUSED_FUNCTION = YES;
				GCC_WARN_UNUSED_VARIABLE = YES;
				IPHONEOS_DEPLOYMENT_TARGET = 14.4;
				MTL_ENABLE_DEBUG_INFO = INCLUDE_SOURCE;
				MTL_FAST_MATH = YES;
				ONLY_ACTIVE_ARCH = YES;
				SDKROOT = iphoneos;
				SWIFT_ACTIVE_COMPILATION_CONDITIONS = DEBUG;
				SWIFT_OPTIMIZATION_LEVEL = "-Onone";
			};
			name = Debug;
		};
		01330DC225CF75C200E913F4 /* Release */ = {
			isa = XCBuildConfiguration;
			buildSettings = {
				ALWAYS_SEARCH_USER_PATHS = NO;
				CLANG_ANALYZER_NONNULL = YES;
				CLANG_ANALYZER_NUMBER_OBJECT_CONVERSION = YES_AGGRESSIVE;
				CLANG_CXX_LANGUAGE_STANDARD = "gnu++14";
				CLANG_CXX_LIBRARY = "libc++";
				CLANG_ENABLE_MODULES = YES;
				CLANG_ENABLE_OBJC_ARC = YES;
				CLANG_ENABLE_OBJC_WEAK = YES;
				CLANG_WARN_BLOCK_CAPTURE_AUTORELEASING = YES;
				CLANG_WARN_BOOL_CONVERSION = YES;
				CLANG_WARN_COMMA = YES;
				CLANG_WARN_CONSTANT_CONVERSION = YES;
				CLANG_WARN_DEPRECATED_OBJC_IMPLEMENTATIONS = YES;
				CLANG_WARN_DIRECT_OBJC_ISA_USAGE = YES_ERROR;
				CLANG_WARN_DOCUMENTATION_COMMENTS = YES;
				CLANG_WARN_EMPTY_BODY = YES;
				CLANG_WARN_ENUM_CONVERSION = YES;
				CLANG_WARN_INFINITE_RECURSION = YES;
				CLANG_WARN_INT_CONVERSION = YES;
				CLANG_WARN_NON_LITERAL_NULL_CONVERSION = YES;
				CLANG_WARN_OBJC_IMPLICIT_RETAIN_SELF = YES;
				CLANG_WARN_OBJC_LITERAL_CONVERSION = YES;
				CLANG_WARN_OBJC_ROOT_CLASS = YES_ERROR;
				CLANG_WARN_QUOTED_INCLUDE_IN_FRAMEWORK_HEADER = YES;
				CLANG_WARN_RANGE_LOOP_ANALYSIS = YES;
				CLANG_WARN_STRICT_PROTOTYPES = YES;
				CLANG_WARN_SUSPICIOUS_MOVE = YES;
				CLANG_WARN_UNGUARDED_AVAILABILITY = YES_AGGRESSIVE;
				CLANG_WARN_UNREACHABLE_CODE = YES;
				CLANG_WARN__DUPLICATE_METHOD_MATCH = YES;
				COPY_PHASE_STRIP = NO;
				DEBUG_INFORMATION_FORMAT = "dwarf-with-dsym";
				ENABLE_NS_ASSERTIONS = NO;
				ENABLE_STRICT_OBJC_MSGSEND = YES;
				GCC_C_LANGUAGE_STANDARD = gnu11;
				GCC_NO_COMMON_BLOCKS = YES;
				GCC_WARN_64_TO_32_BIT_CONVERSION = YES;
				GCC_WARN_ABOUT_RETURN_TYPE = YES_ERROR;
				GCC_WARN_UNDECLARED_SELECTOR = YES;
				GCC_WARN_UNINITIALIZED_AUTOS = YES_AGGRESSIVE;
				GCC_WARN_UNUSED_FUNCTION = YES;
				GCC_WARN_UNUSED_VARIABLE = YES;
				IPHONEOS_DEPLOYMENT_TARGET = 14.4;
				MTL_ENABLE_DEBUG_INFO = NO;
				MTL_FAST_MATH = YES;
				SDKROOT = iphoneos;
				SWIFT_COMPILATION_MODE = wholemodule;
				SWIFT_OPTIMIZATION_LEVEL = "-O";
				VALIDATE_PRODUCT = YES;
			};
			name = Release;
		};
		01330DC425CF75C200E913F4 /* Debug */ = {
			isa = XCBuildConfiguration;
			buildSettings = {
				ASSETCATALOG_COMPILER_APPICON_NAME = AppIcon;
				ASSETCATALOG_COMPILER_GLOBAL_ACCENT_COLOR_NAME = AccentColor;
				CODE_SIGN_STYLE = Automatic;
				DEVELOPMENT_ASSET_PATHS = "\"ChopChop/Preview Content\"";
				DEVELOPMENT_TEAM = 6VH2364M6L;
				ENABLE_PREVIEWS = YES;
				INFOPLIST_FILE = ChopChop/Info.plist;
				IPHONEOS_DEPLOYMENT_TARGET = 14.0;
				LD_RUNPATH_SEARCH_PATHS = (
					"$(inherited)",
					"@executable_path/Frameworks",
				);
				PRODUCT_BUNDLE_IDENTIFIER = com.nick.ChopChop;
				PRODUCT_NAME = "$(TARGET_NAME)";
				SWIFT_VERSION = 5.0;
				TARGETED_DEVICE_FAMILY = "1,2";
			};
			name = Debug;
		};
		01330DC525CF75C200E913F4 /* Release */ = {
			isa = XCBuildConfiguration;
			buildSettings = {
				ASSETCATALOG_COMPILER_APPICON_NAME = AppIcon;
				ASSETCATALOG_COMPILER_GLOBAL_ACCENT_COLOR_NAME = AccentColor;
				CODE_SIGN_STYLE = Automatic;
				DEVELOPMENT_ASSET_PATHS = "\"ChopChop/Preview Content\"";
				DEVELOPMENT_TEAM = 6VH2364M6L;
				ENABLE_PREVIEWS = YES;
				INFOPLIST_FILE = ChopChop/Info.plist;
				IPHONEOS_DEPLOYMENT_TARGET = 14.0;
				LD_RUNPATH_SEARCH_PATHS = (
					"$(inherited)",
					"@executable_path/Frameworks",
				);
				PRODUCT_BUNDLE_IDENTIFIER = com.nick.ChopChop;
				PRODUCT_NAME = "$(TARGET_NAME)";
				SWIFT_VERSION = 5.0;
				TARGETED_DEVICE_FAMILY = "1,2";
			};
			name = Release;
		};
		01330DC725CF75C200E913F4 /* Debug */ = {
			isa = XCBuildConfiguration;
			buildSettings = {
				ALWAYS_EMBED_SWIFT_STANDARD_LIBRARIES = YES;
				BUNDLE_LOADER = "$(TEST_HOST)";
				CODE_SIGN_STYLE = Automatic;
				DEVELOPMENT_TEAM = 6VH2364M6L;
				INFOPLIST_FILE = ChopChopTests/Info.plist;
				IPHONEOS_DEPLOYMENT_TARGET = 14.0;
				LD_RUNPATH_SEARCH_PATHS = (
					"$(inherited)",
					"@executable_path/Frameworks",
					"@loader_path/Frameworks",
				);
				PRODUCT_BUNDLE_IDENTIFIER = com.nick.ChopChopTests;
				PRODUCT_NAME = "$(TARGET_NAME)";
				SWIFT_VERSION = 5.0;
				TARGETED_DEVICE_FAMILY = "1,2";
				TEST_HOST = "$(BUILT_PRODUCTS_DIR)/ChopChop.app/ChopChop";
			};
			name = Debug;
		};
		01330DC825CF75C200E913F4 /* Release */ = {
			isa = XCBuildConfiguration;
			buildSettings = {
				ALWAYS_EMBED_SWIFT_STANDARD_LIBRARIES = YES;
				BUNDLE_LOADER = "$(TEST_HOST)";
				CODE_SIGN_STYLE = Automatic;
				DEVELOPMENT_TEAM = 6VH2364M6L;
				INFOPLIST_FILE = ChopChopTests/Info.plist;
				IPHONEOS_DEPLOYMENT_TARGET = 14.0;
				LD_RUNPATH_SEARCH_PATHS = (
					"$(inherited)",
					"@executable_path/Frameworks",
					"@loader_path/Frameworks",
				);
				PRODUCT_BUNDLE_IDENTIFIER = com.nick.ChopChopTests;
				PRODUCT_NAME = "$(TARGET_NAME)";
				SWIFT_VERSION = 5.0;
				TARGETED_DEVICE_FAMILY = "1,2";
				TEST_HOST = "$(BUILT_PRODUCTS_DIR)/ChopChop.app/ChopChop";
			};
			name = Release;
		};
		01330DCA25CF75C200E913F4 /* Debug */ = {
			isa = XCBuildConfiguration;
			buildSettings = {
				ALWAYS_EMBED_SWIFT_STANDARD_LIBRARIES = YES;
				CODE_SIGN_STYLE = Automatic;
				DEVELOPMENT_TEAM = 6VH2364M6L;
				INFOPLIST_FILE = ChopChopUITests/Info.plist;
				LD_RUNPATH_SEARCH_PATHS = (
					"$(inherited)",
					"@executable_path/Frameworks",
					"@loader_path/Frameworks",
				);
				PRODUCT_BUNDLE_IDENTIFIER = com.nick.ChopChopUITests;
				PRODUCT_NAME = "$(TARGET_NAME)";
				SWIFT_VERSION = 5.0;
				TARGETED_DEVICE_FAMILY = "1,2";
				TEST_TARGET_NAME = ChopChop;
			};
			name = Debug;
		};
		01330DCB25CF75C200E913F4 /* Release */ = {
			isa = XCBuildConfiguration;
			buildSettings = {
				ALWAYS_EMBED_SWIFT_STANDARD_LIBRARIES = YES;
				CODE_SIGN_STYLE = Automatic;
				DEVELOPMENT_TEAM = 6VH2364M6L;
				INFOPLIST_FILE = ChopChopUITests/Info.plist;
				LD_RUNPATH_SEARCH_PATHS = (
					"$(inherited)",
					"@executable_path/Frameworks",
					"@loader_path/Frameworks",
				);
				PRODUCT_BUNDLE_IDENTIFIER = com.nick.ChopChopUITests;
				PRODUCT_NAME = "$(TARGET_NAME)";
				SWIFT_VERSION = 5.0;
				TARGETED_DEVICE_FAMILY = "1,2";
				TEST_TARGET_NAME = ChopChop;
			};
			name = Release;
		};
/* End XCBuildConfiguration section */

/* Begin XCConfigurationList section */
		01330D9925CF75BF00E913F4 /* Build configuration list for PBXProject "ChopChop" */ = {
			isa = XCConfigurationList;
			buildConfigurations = (
				01330DC125CF75C200E913F4 /* Debug */,
				01330DC225CF75C200E913F4 /* Release */,
			);
			defaultConfigurationIsVisible = 0;
			defaultConfigurationName = Release;
		};
		01330DC325CF75C200E913F4 /* Build configuration list for PBXNativeTarget "ChopChop" */ = {
			isa = XCConfigurationList;
			buildConfigurations = (
				01330DC425CF75C200E913F4 /* Debug */,
				01330DC525CF75C200E913F4 /* Release */,
			);
			defaultConfigurationIsVisible = 0;
			defaultConfigurationName = Release;
		};
		01330DC625CF75C200E913F4 /* Build configuration list for PBXNativeTarget "ChopChopTests" */ = {
			isa = XCConfigurationList;
			buildConfigurations = (
				01330DC725CF75C200E913F4 /* Debug */,
				01330DC825CF75C200E913F4 /* Release */,
			);
			defaultConfigurationIsVisible = 0;
			defaultConfigurationName = Release;
		};
		01330DC925CF75C200E913F4 /* Build configuration list for PBXNativeTarget "ChopChopUITests" */ = {
			isa = XCConfigurationList;
			buildConfigurations = (
				01330DCA25CF75C200E913F4 /* Debug */,
				01330DCB25CF75C200E913F4 /* Release */,
			);
			defaultConfigurationIsVisible = 0;
			defaultConfigurationName = Release;
		};
/* End XCConfigurationList section */
	};
	rootObject = 01330D9625CF75BF00E913F4 /* Project object */;
}
